
Microsoft Visual Studio Solution File, Format Version 12.00
# Visual Studio 15
VisualStudioVersion = 15.0.26730.8
MinimumVisualStudioVersion = 10.0.40219.1
Project("{9092AA53-FB77-4645-B42D-1CCCA6BD08BD}") = "vue-components-collection", "vue-components-collection.njsproj", "{14DED665-9990-462F-A5E0-F8518047D9B6}"
EndProject
Global
	GlobalSection(SolutionConfigurationPlatforms) = preSolution
		Debug|Any CPU = Debug|Any CPU
		Release|Any CPU = Release|Any CPU
	EndGlobalSection
	GlobalSection(ProjectConfigurationPlatforms) = postSolution
		{14DED665-9990-462F-A5E0-F8518047D9B6}.Debug|Any CPU.ActiveCfg = Debug|Any CPU
		{14DED665-9990-462F-A5E0-F8518047D9B6}.Debug|Any CPU.Build.0 = Debug|Any CPU
		{14DED665-9990-462F-A5E0-F8518047D9B6}.Release|Any CPU.ActiveCfg = Release|Any CPU
		{14DED665-9990-462F-A5E0-F8518047D9B6}.Release|Any CPU.Build.0 = Release|Any CPU
	EndGlobalSection
	GlobalSection(SolutionProperties) = preSolution
		HideSolutionNode = FALSE
	EndGlobalSection
	GlobalSection(ExtensibilityGlobals) = postSolution
		SolutionGuid = {ED68BF22-C654-48B7-BF49-B805D4C85587}
	EndGlobalSection
EndGlobal
